// !$*UTF8*$!
{
	archiveVersion = 1;
	classes = {
	};
	objectVersion = 51;
	objects = {

/* Begin PBXBuildFile section */
		425B79B1C9BFEE8760A207B7 /* Pods_Api_IrisTests.framework in Frameworks */ = {isa = PBXBuildFile; fileRef = 512B3D539E2988B2EAFD06E1 /* Pods_Api_IrisTests.framework */; };
		7E1DF4CBF86465CB790C77A8 /* Pods_Api_Iris.framework in Frameworks */ = {isa = PBXBuildFile; fileRef = F8B165A2328DC281B2F66805 /* Pods_Api_Iris.framework */; };
		8009CB8C2539942D0023EDD2 /* AppDelegate.swift in Sources */ = {isa = PBXBuildFile; fileRef = 8009CB8B2539942D0023EDD2 /* AppDelegate.swift */; };
		8009CB8E2539942D0023EDD2 /* SceneDelegate.swift in Sources */ = {isa = PBXBuildFile; fileRef = 8009CB8D2539942D0023EDD2 /* SceneDelegate.swift */; };
		8009CB902539942D0023EDD2 /* ViewController.swift in Sources */ = {isa = PBXBuildFile; fileRef = 8009CB8F2539942D0023EDD2 /* ViewController.swift */; };
		8009CB932539942D0023EDD2 /* Main.storyboard in Resources */ = {isa = PBXBuildFile; fileRef = 8009CB912539942D0023EDD2 /* Main.storyboard */; };
		8009CB952539942F0023EDD2 /* Assets.xcassets in Resources */ = {isa = PBXBuildFile; fileRef = 8009CB942539942F0023EDD2 /* Assets.xcassets */; };
		8009CB982539942F0023EDD2 /* LaunchScreen.storyboard in Resources */ = {isa = PBXBuildFile; fileRef = 8009CB962539942F0023EDD2 /* LaunchScreen.storyboard */; };
		8009CBA32539942F0023EDD2 /* Api_IrisTests.swift in Sources */ = {isa = PBXBuildFile; fileRef = 8009CBA22539942F0023EDD2 /* Api_IrisTests.swift */; };
		8009CBAE2539942F0023EDD2 /* Api_IrisUITests.swift in Sources */ = {isa = PBXBuildFile; fileRef = 8009CBAD2539942F0023EDD2 /* Api_IrisUITests.swift */; };
		80FEFD012539F41A00197FB1 /* ResultViewController.swift in Sources */ = {isa = PBXBuildFile; fileRef = 80FEFD002539F41A00197FB1 /* ResultViewController.swift */; };
		8551264E44645EBAF3ECB0A4 /* Pods_Api_Iris_Api_IrisUITests.framework in Frameworks */ = {isa = PBXBuildFile; fileRef = ECB58EFEE32030E9EC67AC2B /* Pods_Api_Iris_Api_IrisUITests.framework */; };
/* End PBXBuildFile section */

/* Begin PBXContainerItemProxy section */
		8009CB9F2539942F0023EDD2 /* PBXContainerItemProxy */ = {
			isa = PBXContainerItemProxy;
			containerPortal = 8009CB802539942D0023EDD2 /* Project object */;
			proxyType = 1;
			remoteGlobalIDString = 8009CB872539942D0023EDD2;
			remoteInfo = Api_Iris;
		};
		8009CBAA2539942F0023EDD2 /* PBXContainerItemProxy */ = {
			isa = PBXContainerItemProxy;
			containerPortal = 8009CB802539942D0023EDD2 /* Project object */;
			proxyType = 1;
			remoteGlobalIDString = 8009CB872539942D0023EDD2;
			remoteInfo = Api_Iris;
		};
/* End PBXContainerItemProxy section */

/* Begin PBXFileReference section */
		512B3D539E2988B2EAFD06E1 /* Pods_Api_IrisTests.framework */ = {isa = PBXFileReference; explicitFileType = wrapper.framework; includeInIndex = 0; path = Pods_Api_IrisTests.framework; sourceTree = BUILT_PRODUCTS_DIR; };
		58F1B90E148912D681C9B4E3 /* Pods-Api_IrisTests.debug.xcconfig */ = {isa = PBXFileReference; includeInIndex = 1; lastKnownFileType = text.xcconfig; name = "Pods-Api_IrisTests.debug.xcconfig"; path = "Target Support Files/Pods-Api_IrisTests/Pods-Api_IrisTests.debug.xcconfig"; sourceTree = "<group>"; };
		8009CB882539942D0023EDD2 /* Api_Iris.app */ = {isa = PBXFileReference; explicitFileType = wrapper.application; includeInIndex = 0; path = Api_Iris.app; sourceTree = BUILT_PRODUCTS_DIR; };
		8009CB8B2539942D0023EDD2 /* AppDelegate.swift */ = {isa = PBXFileReference; lastKnownFileType = sourcecode.swift; path = AppDelegate.swift; sourceTree = "<group>"; };
		8009CB8D2539942D0023EDD2 /* SceneDelegate.swift */ = {isa = PBXFileReference; lastKnownFileType = sourcecode.swift; path = SceneDelegate.swift; sourceTree = "<group>"; };
		8009CB8F2539942D0023EDD2 /* ViewController.swift */ = {isa = PBXFileReference; lastKnownFileType = sourcecode.swift; path = ViewController.swift; sourceTree = "<group>"; };
		8009CB922539942D0023EDD2 /* Base */ = {isa = PBXFileReference; lastKnownFileType = file.storyboard; name = Base; path = Base.lproj/Main.storyboard; sourceTree = "<group>"; };
		8009CB942539942F0023EDD2 /* Assets.xcassets */ = {isa = PBXFileReference; lastKnownFileType = folder.assetcatalog; path = Assets.xcassets; sourceTree = "<group>"; };
		8009CB972539942F0023EDD2 /* Base */ = {isa = PBXFileReference; lastKnownFileType = file.storyboard; name = Base; path = Base.lproj/LaunchScreen.storyboard; sourceTree = "<group>"; };
		8009CB992539942F0023EDD2 /* Info.plist */ = {isa = PBXFileReference; lastKnownFileType = text.plist.xml; path = Info.plist; sourceTree = "<group>"; };
		8009CB9E2539942F0023EDD2 /* Api_IrisTests.xctest */ = {isa = PBXFileReference; explicitFileType = wrapper.cfbundle; includeInIndex = 0; path = Api_IrisTests.xctest; sourceTree = BUILT_PRODUCTS_DIR; };
		8009CBA22539942F0023EDD2 /* Api_IrisTests.swift */ = {isa = PBXFileReference; lastKnownFileType = sourcecode.swift; path = Api_IrisTests.swift; sourceTree = "<group>"; };
		8009CBA42539942F0023EDD2 /* Info.plist */ = {isa = PBXFileReference; lastKnownFileType = text.plist.xml; path = Info.plist; sourceTree = "<group>"; };
		8009CBA92539942F0023EDD2 /* Api_IrisUITests.xctest */ = {isa = PBXFileReference; explicitFileType = wrapper.cfbundle; includeInIndex = 0; path = Api_IrisUITests.xctest; sourceTree = BUILT_PRODUCTS_DIR; };
		8009CBAD2539942F0023EDD2 /* Api_IrisUITests.swift */ = {isa = PBXFileReference; lastKnownFileType = sourcecode.swift; path = Api_IrisUITests.swift; sourceTree = "<group>"; };
		8009CBAF2539942F0023EDD2 /* Info.plist */ = {isa = PBXFileReference; lastKnownFileType = text.plist.xml; path = Info.plist; sourceTree = "<group>"; };
		80FEFD002539F41A00197FB1 /* ResultViewController.swift */ = {isa = PBXFileReference; lastKnownFileType = sourcecode.swift; path = ResultViewController.swift; sourceTree = "<group>"; };
		90C9CD37B640562B426456BD /* Pods-Api_Iris.debug.xcconfig */ = {isa = PBXFileReference; includeInIndex = 1; lastKnownFileType = text.xcconfig; name = "Pods-Api_Iris.debug.xcconfig"; path = "Target Support Files/Pods-Api_Iris/Pods-Api_Iris.debug.xcconfig"; sourceTree = "<group>"; };
		9E7ABFCB90B6E550C3B573B4 /* Pods-Api_IrisTests.release.xcconfig */ = {isa = PBXFileReference; includeInIndex = 1; lastKnownFileType = text.xcconfig; name = "Pods-Api_IrisTests.release.xcconfig"; path = "Target Support Files/Pods-Api_IrisTests/Pods-Api_IrisTests.release.xcconfig"; sourceTree = "<group>"; };
		A3AFFA9135B218D6A37126FF /* Pods-Api_Iris-Api_IrisUITests.debug.xcconfig */ = {isa = PBXFileReference; includeInIndex = 1; lastKnownFileType = text.xcconfig; name = "Pods-Api_Iris-Api_IrisUITests.debug.xcconfig"; path = "Target Support Files/Pods-Api_Iris-Api_IrisUITests/Pods-Api_Iris-Api_IrisUITests.debug.xcconfig"; sourceTree = "<group>"; };
		C1273FC35FB7A1727B12D438 /* Pods-Api_Iris.release.xcconfig */ = {isa = PBXFileReference; includeInIndex = 1; lastKnownFileType = text.xcconfig; name = "Pods-Api_Iris.release.xcconfig"; path = "Target Support Files/Pods-Api_Iris/Pods-Api_Iris.release.xcconfig"; sourceTree = "<group>"; };
		ECB58EFEE32030E9EC67AC2B /* Pods_Api_Iris_Api_IrisUITests.framework */ = {isa = PBXFileReference; explicitFileType = wrapper.framework; includeInIndex = 0; path = Pods_Api_Iris_Api_IrisUITests.framework; sourceTree = BUILT_PRODUCTS_DIR; };
		EFE3A37174D7FD01FC7D804B /* Pods-Api_Iris-Api_IrisUITests.release.xcconfig */ = {isa = PBXFileReference; includeInIndex = 1; lastKnownFileType = text.xcconfig; name = "Pods-Api_Iris-Api_IrisUITests.release.xcconfig"; path = "Target Support Files/Pods-Api_Iris-Api_IrisUITests/Pods-Api_Iris-Api_IrisUITests.release.xcconfig"; sourceTree = "<group>"; };
		F8B165A2328DC281B2F66805 /* Pods_Api_Iris.framework */ = {isa = PBXFileReference; explicitFileType = wrapper.framework; includeInIndex = 0; path = Pods_Api_Iris.framework; sourceTree = BUILT_PRODUCTS_DIR; };
/* End PBXFileReference section */

/* Begin PBXFrameworksBuildPhase section */
		8009CB852539942D0023EDD2 /* Frameworks */ = {
			isa = PBXFrameworksBuildPhase;
			buildActionMask = 2147483647;
			files = (
				7E1DF4CBF86465CB790C77A8 /* Pods_Api_Iris.framework in Frameworks */,
			);
			runOnlyForDeploymentPostprocessing = 0;
		};
		8009CB9B2539942F0023EDD2 /* Frameworks */ = {
			isa = PBXFrameworksBuildPhase;
			buildActionMask = 2147483647;
			files = (
				425B79B1C9BFEE8760A207B7 /* Pods_Api_IrisTests.framework in Frameworks */,
			);
			runOnlyForDeploymentPostprocessing = 0;
		};
		8009CBA62539942F0023EDD2 /* Frameworks */ = {
			isa = PBXFrameworksBuildPhase;
			buildActionMask = 2147483647;
			files = (
				8551264E44645EBAF3ECB0A4 /* Pods_Api_Iris_Api_IrisUITests.framework in Frameworks */,
			);
			runOnlyForDeploymentPostprocessing = 0;
		};
/* End PBXFrameworksBuildPhase section */

/* Begin PBXGroup section */
		2B7C7AC5A2D76BB02A7F907A /* Pods */ = {
			isa = PBXGroup;
			children = (
				90C9CD37B640562B426456BD /* Pods-Api_Iris.debug.xcconfig */,
				C1273FC35FB7A1727B12D438 /* Pods-Api_Iris.release.xcconfig */,
				A3AFFA9135B218D6A37126FF /* Pods-Api_Iris-Api_IrisUITests.debug.xcconfig */,
				EFE3A37174D7FD01FC7D804B /* Pods-Api_Iris-Api_IrisUITests.release.xcconfig */,
				58F1B90E148912D681C9B4E3 /* Pods-Api_IrisTests.debug.xcconfig */,
				9E7ABFCB90B6E550C3B573B4 /* Pods-Api_IrisTests.release.xcconfig */,
			);
			path = Pods;
			sourceTree = "<group>";
		};
		8009CB7F2539942D0023EDD2 = {
			isa = PBXGroup;
			children = (
				8009CB8A2539942D0023EDD2 /* Api_Iris */,
				8009CBA12539942F0023EDD2 /* Api_IrisTests */,
				8009CBAC2539942F0023EDD2 /* Api_IrisUITests */,
				8009CB892539942D0023EDD2 /* Products */,
				2B7C7AC5A2D76BB02A7F907A /* Pods */,
				CE374CFE987061ED2C7DD108 /* Frameworks */,
			);
			sourceTree = "<group>";
		};
		8009CB892539942D0023EDD2 /* Products */ = {
			isa = PBXGroup;
			children = (
				8009CB882539942D0023EDD2 /* Api_Iris.app */,
				8009CB9E2539942F0023EDD2 /* Api_IrisTests.xctest */,
				8009CBA92539942F0023EDD2 /* Api_IrisUITests.xctest */,
			);
			name = Products;
			sourceTree = "<group>";
		};
		8009CB8A2539942D0023EDD2 /* Api_Iris */ = {
			isa = PBXGroup;
			children = (
				8009CB8B2539942D0023EDD2 /* AppDelegate.swift */,
				8009CB8D2539942D0023EDD2 /* SceneDelegate.swift */,
				80FEFD002539F41A00197FB1 /* ResultViewController.swift */,
				8009CB8F2539942D0023EDD2 /* ViewController.swift */,
				8009CB912539942D0023EDD2 /* Main.storyboard */,
				8009CB942539942F0023EDD2 /* Assets.xcassets */,
				8009CB962539942F0023EDD2 /* LaunchScreen.storyboard */,
				8009CB992539942F0023EDD2 /* Info.plist */,
			);
			path = Api_Iris;
			sourceTree = "<group>";
		};
		8009CBA12539942F0023EDD2 /* Api_IrisTests */ = {
			isa = PBXGroup;
			children = (
				8009CBA22539942F0023EDD2 /* Api_IrisTests.swift */,
				8009CBA42539942F0023EDD2 /* Info.plist */,
			);
			path = Api_IrisTests;
			sourceTree = "<group>";
		};
		8009CBAC2539942F0023EDD2 /* Api_IrisUITests */ = {
			isa = PBXGroup;
			children = (
				8009CBAD2539942F0023EDD2 /* Api_IrisUITests.swift */,
				8009CBAF2539942F0023EDD2 /* Info.plist */,
			);
			path = Api_IrisUITests;
			sourceTree = "<group>";
		};
		CE374CFE987061ED2C7DD108 /* Frameworks */ = {
			isa = PBXGroup;
			children = (
				F8B165A2328DC281B2F66805 /* Pods_Api_Iris.framework */,
				ECB58EFEE32030E9EC67AC2B /* Pods_Api_Iris_Api_IrisUITests.framework */,
				512B3D539E2988B2EAFD06E1 /* Pods_Api_IrisTests.framework */,
			);
			name = Frameworks;
			sourceTree = "<group>";
		};
/* End PBXGroup section */

/* Begin PBXNativeTarget section */
		8009CB872539942D0023EDD2 /* Api_Iris */ = {
			isa = PBXNativeTarget;
			buildConfigurationList = 8009CBB22539942F0023EDD2 /* Build configuration list for PBXNativeTarget "Api_Iris" */;
			buildPhases = (
				1B532B5EC27A9F62A5D9F17A /* [CP] Check Pods Manifest.lock */,
				8009CB842539942D0023EDD2 /* Sources */,
				8009CB852539942D0023EDD2 /* Frameworks */,
				8009CB862539942D0023EDD2 /* Resources */,
				3384A9431B744E787BD2747D /* [CP] Embed Pods Frameworks */,
			);
			buildRules = (
			);
			dependencies = (
			);
			name = Api_Iris;
			productName = Api_Iris;
			productReference = 8009CB882539942D0023EDD2 /* Api_Iris.app */;
			productType = "com.apple.product-type.application";
		};
		8009CB9D2539942F0023EDD2 /* Api_IrisTests */ = {
			isa = PBXNativeTarget;
			buildConfigurationList = 8009CBB52539942F0023EDD2 /* Build configuration list for PBXNativeTarget "Api_IrisTests" */;
			buildPhases = (
				81C74940E81F309D6F6152CF /* [CP] Check Pods Manifest.lock */,
				8009CB9A2539942F0023EDD2 /* Sources */,
				8009CB9B2539942F0023EDD2 /* Frameworks */,
				8009CB9C2539942F0023EDD2 /* Resources */,
			);
			buildRules = (
			);
			dependencies = (
				8009CBA02539942F0023EDD2 /* PBXTargetDependency */,
			);
			name = Api_IrisTests;
			productName = Api_IrisTests;
			productReference = 8009CB9E2539942F0023EDD2 /* Api_IrisTests.xctest */;
			productType = "com.apple.product-type.bundle.unit-test";
		};
		8009CBA82539942F0023EDD2 /* Api_IrisUITests */ = {
			isa = PBXNativeTarget;
			buildConfigurationList = 8009CBB82539942F0023EDD2 /* Build configuration list for PBXNativeTarget "Api_IrisUITests" */;
			buildPhases = (
				5806DAB7498AA3603C205211 /* [CP] Check Pods Manifest.lock */,
				8009CBA52539942F0023EDD2 /* Sources */,
				8009CBA62539942F0023EDD2 /* Frameworks */,
				8009CBA72539942F0023EDD2 /* Resources */,
				C27E2D313DE4DA39C4AD6D34 /* [CP] Embed Pods Frameworks */,
			);
			buildRules = (
			);
			dependencies = (
				8009CBAB2539942F0023EDD2 /* PBXTargetDependency */,
			);
			name = Api_IrisUITests;
			productName = Api_IrisUITests;
			productReference = 8009CBA92539942F0023EDD2 /* Api_IrisUITests.xctest */;
			productType = "com.apple.product-type.bundle.ui-testing";
		};
/* End PBXNativeTarget section */

/* Begin PBXProject section */
		8009CB802539942D0023EDD2 /* Project object */ = {
			isa = PBXProject;
			attributes = {
				LastSwiftUpdateCheck = 1200;
				LastUpgradeCheck = 1200;
				TargetAttributes = {
					8009CB872539942D0023EDD2 = {
						CreatedOnToolsVersion = 12.0.1;
					};
					8009CB9D2539942F0023EDD2 = {
						CreatedOnToolsVersion = 12.0.1;
						TestTargetID = 8009CB872539942D0023EDD2;
					};
					8009CBA82539942F0023EDD2 = {
						CreatedOnToolsVersion = 12.0.1;
						TestTargetID = 8009CB872539942D0023EDD2;
					};
				};
			};
			buildConfigurationList = 8009CB832539942D0023EDD2 /* Build configuration list for PBXProject "Api_Iris" */;
			compatibilityVersion = "Xcode 9.3";
			developmentRegion = en;
			hasScannedForEncodings = 0;
			knownRegions = (
				en,
				Base,
			);
			mainGroup = 8009CB7F2539942D0023EDD2;
			productRefGroup = 8009CB892539942D0023EDD2 /* Products */;
			projectDirPath = "";
			projectRoot = "";
			targets = (
				8009CB872539942D0023EDD2 /* Api_Iris */,
				8009CB9D2539942F0023EDD2 /* Api_IrisTests */,
				8009CBA82539942F0023EDD2 /* Api_IrisUITests */,
			);
		};
/* End PBXProject section */

/* Begin PBXResourcesBuildPhase section */
		8009CB862539942D0023EDD2 /* Resources */ = {
			isa = PBXResourcesBuildPhase;
			buildActionMask = 2147483647;
			files = (
				8009CB982539942F0023EDD2 /* LaunchScreen.storyboard in Resources */,
				8009CB952539942F0023EDD2 /* Assets.xcassets in Resources */,
				8009CB932539942D0023EDD2 /* Main.storyboard in Resources */,
			);
			runOnlyForDeploymentPostprocessing = 0;
		};
		8009CB9C2539942F0023EDD2 /* Resources */ = {
			isa = PBXResourcesBuildPhase;
			buildActionMask = 2147483647;
			files = (
			);
			runOnlyForDeploymentPostprocessing = 0;
		};
		8009CBA72539942F0023EDD2 /* Resources */ = {
			isa = PBXResourcesBuildPhase;
			buildActionMask = 2147483647;
			files = (
			);
			runOnlyForDeploymentPostprocessing = 0;
		};
/* End PBXResourcesBuildPhase section */

/* Begin PBXShellScriptBuildPhase section */
		1B532B5EC27A9F62A5D9F17A /* [CP] Check Pods Manifest.lock */ = {
			isa = PBXShellScriptBuildPhase;
			buildActionMask = 2147483647;
			files = (
			);
			inputFileListPaths = (
			);
			inputPaths = (
				"${PODS_PODFILE_DIR_PATH}/Podfile.lock",
				"${PODS_ROOT}/Manifest.lock",
			);
			name = "[CP] Check Pods Manifest.lock";
			outputFileListPaths = (
			);
			outputPaths = (
				"$(DERIVED_FILE_DIR)/Pods-Api_Iris-checkManifestLockResult.txt",
			);
			runOnlyForDeploymentPostprocessing = 0;
			shellPath = /bin/sh;
			shellScript = "diff \"${PODS_PODFILE_DIR_PATH}/Podfile.lock\" \"${PODS_ROOT}/Manifest.lock\" > /dev/null\nif [ $? != 0 ] ; then\n    # print error to STDERR\n    echo \"error: The sandbox is not in sync with the Podfile.lock. Run 'pod install' or update your CocoaPods installation.\" >&2\n    exit 1\nfi\n# This output is used by Xcode 'outputs' to avoid re-running this script phase.\necho \"SUCCESS\" > \"${SCRIPT_OUTPUT_FILE_0}\"\n";
			showEnvVarsInLog = 0;
		};
		3384A9431B744E787BD2747D /* [CP] Embed Pods Frameworks */ = {
			isa = PBXShellScriptBuildPhase;
			buildActionMask = 2147483647;
			files = (
			);
			inputFileListPaths = (
				"${PODS_ROOT}/Target Support Files/Pods-Api_Iris/Pods-Api_Iris-frameworks-${CONFIGURATION}-input-files.xcfilelist",
			);
			name = "[CP] Embed Pods Frameworks";
			outputFileListPaths = (
				"${PODS_ROOT}/Target Support Files/Pods-Api_Iris/Pods-Api_Iris-frameworks-${CONFIGURATION}-output-files.xcfilelist",
			);
			runOnlyForDeploymentPostprocessing = 0;
			shellPath = /bin/sh;
			shellScript = "\"${PODS_ROOT}/Target Support Files/Pods-Api_Iris/Pods-Api_Iris-frameworks.sh\"\n";
			showEnvVarsInLog = 0;
		};
		5806DAB7498AA3603C205211 /* [CP] Check Pods Manifest.lock */ = {
			isa = PBXShellScriptBuildPhase;
			buildActionMask = 2147483647;
			files = (
			);
			inputFileListPaths = (
			);
			inputPaths = (
				"${PODS_PODFILE_DIR_PATH}/Podfile.lock",
				"${PODS_ROOT}/Manifest.lock",
			);
			name = "[CP] Check Pods Manifest.lock";
			outputFileListPaths = (
			);
			outputPaths = (
				"$(DERIVED_FILE_DIR)/Pods-Api_Iris-Api_IrisUITests-checkManifestLockResult.txt",
			);
			runOnlyForDeploymentPostprocessing = 0;
			shellPath = /bin/sh;
			shellScript = "diff \"${PODS_PODFILE_DIR_PATH}/Podfile.lock\" \"${PODS_ROOT}/Manifest.lock\" > /dev/null\nif [ $? != 0 ] ; then\n    # print error to STDERR\n    echo \"error: The sandbox is not in sync with the Podfile.lock. Run 'pod install' or update your CocoaPods installation.\" >&2\n    exit 1\nfi\n# This output is used by Xcode 'outputs' to avoid re-running this script phase.\necho \"SUCCESS\" > \"${SCRIPT_OUTPUT_FILE_0}\"\n";
			showEnvVarsInLog = 0;
		};
		81C74940E81F309D6F6152CF /* [CP] Check Pods Manifest.lock */ = {
			isa = PBXShellScriptBuildPhase;
			buildActionMask = 2147483647;
			files = (
			);
			inputFileListPaths = (
			);
			inputPaths = (
				"${PODS_PODFILE_DIR_PATH}/Podfile.lock",
				"${PODS_ROOT}/Manifest.lock",
			);
			name = "[CP] Check Pods Manifest.lock";
			outputFileListPaths = (
			);
			outputPaths = (
				"$(DERIVED_FILE_DIR)/Pods-Api_IrisTests-checkManifestLockResult.txt",
			);
			runOnlyForDeploymentPostprocessing = 0;
			shellPath = /bin/sh;
			shellScript = "diff \"${PODS_PODFILE_DIR_PATH}/Podfile.lock\" \"${PODS_ROOT}/Manifest.lock\" > /dev/null\nif [ $? != 0 ] ; then\n    # print error to STDERR\n    echo \"error: The sandbox is not in sync with the Podfile.lock. Run 'pod install' or update your CocoaPods installation.\" >&2\n    exit 1\nfi\n# This output is used by Xcode 'outputs' to avoid re-running this script phase.\necho \"SUCCESS\" > \"${SCRIPT_OUTPUT_FILE_0}\"\n";
			showEnvVarsInLog = 0;
		};
		C27E2D313DE4DA39C4AD6D34 /* [CP] Embed Pods Frameworks */ = {
			isa = PBXShellScriptBuildPhase;
			buildActionMask = 2147483647;
			files = (
			);
			inputFileListPaths = (
				"${PODS_ROOT}/Target Support Files/Pods-Api_Iris-Api_IrisUITests/Pods-Api_Iris-Api_IrisUITests-frameworks-${CONFIGURATION}-input-files.xcfilelist",
			);
			name = "[CP] Embed Pods Frameworks";
			outputFileListPaths = (
				"${PODS_ROOT}/Target Support Files/Pods-Api_Iris-Api_IrisUITests/Pods-Api_Iris-Api_IrisUITests-frameworks-${CONFIGURATION}-output-files.xcfilelist",
			);
			runOnlyForDeploymentPostprocessing = 0;
			shellPath = /bin/sh;
			shellScript = "\"${PODS_ROOT}/Target Support Files/Pods-Api_Iris-Api_IrisUITests/Pods-Api_Iris-Api_IrisUITests-frameworks.sh\"\n";
			showEnvVarsInLog = 0;
		};
/* End PBXShellScriptBuildPhase section */

/* Begin PBXSourcesBuildPhase section */
		8009CB842539942D0023EDD2 /* Sources */ = {
			isa = PBXSourcesBuildPhase;
			buildActionMask = 2147483647;
			files = (
				8009CB902539942D0023EDD2 /* ViewController.swift in Sources */,
				8009CB8C2539942D0023EDD2 /* AppDelegate.swift in Sources */,
				8009CB8E2539942D0023EDD2 /* SceneDelegate.swift in Sources */,
				80FEFD012539F41A00197FB1 /* ResultViewController.swift in Sources */,
			);
			runOnlyForDeploymentPostprocessing = 0;
		};
		8009CB9A2539942F0023EDD2 /* Sources */ = {
			isa = PBXSourcesBuildPhase;
			buildActionMask = 2147483647;
			files = (
				8009CBA32539942F0023EDD2 /* Api_IrisTests.swift in Sources */,
			);
			runOnlyForDeploymentPostprocessing = 0;
		};
		8009CBA52539942F0023EDD2 /* Sources */ = {
			isa = PBXSourcesBuildPhase;
			buildActionMask = 2147483647;
			files = (
				8009CBAE2539942F0023EDD2 /* Api_IrisUITests.swift in Sources */,
			);
			runOnlyForDeploymentPostprocessing = 0;
		};
/* End PBXSourcesBuildPhase section */

/* Begin PBXTargetDependency section */
		8009CBA02539942F0023EDD2 /* PBXTargetDependency */ = {
			isa = PBXTargetDependency;
			target = 8009CB872539942D0023EDD2 /* Api_Iris */;
			targetProxy = 8009CB9F2539942F0023EDD2 /* PBXContainerItemProxy */;
		};
		8009CBAB2539942F0023EDD2 /* PBXTargetDependency */ = {
			isa = PBXTargetDependency;
			target = 8009CB872539942D0023EDD2 /* Api_Iris */;
			targetProxy = 8009CBAA2539942F0023EDD2 /* PBXContainerItemProxy */;
		};
/* End PBXTargetDependency section */

/* Begin PBXVariantGroup section */
		8009CB912539942D0023EDD2 /* Main.storyboard */ = {
			isa = PBXVariantGroup;
			children = (
				8009CB922539942D0023EDD2 /* Base */,
			);
			name = Main.storyboard;
			sourceTree = "<group>";
		};
		8009CB962539942F0023EDD2 /* LaunchScreen.storyboard */ = {
			isa = PBXVariantGroup;
			children = (
				8009CB972539942F0023EDD2 /* Base */,
			);
			name = LaunchScreen.storyboard;
			sourceTree = "<group>";
		};
/* End PBXVariantGroup section */

/* Begin XCBuildConfiguration section */
		8009CBB02539942F0023EDD2 /* Debug */ = {
			isa = XCBuildConfiguration;
			buildSettings = {
				ALWAYS_SEARCH_USER_PATHS = NO;
				CLANG_ANALYZER_NONNULL = YES;
				CLANG_ANALYZER_NUMBER_OBJECT_CONVERSION = YES_AGGRESSIVE;
				CLANG_CXX_LANGUAGE_STANDARD = "gnu++14";
				CLANG_CXX_LIBRARY = "libc++";
				CLANG_ENABLE_MODULES = YES;
				CLANG_ENABLE_OBJC_ARC = YES;
				CLANG_ENABLE_OBJC_WEAK = YES;
				CLANG_WARN_BLOCK_CAPTURE_AUTORELEASING = YES;
				CLANG_WARN_BOOL_CONVERSION = YES;
				CLANG_WARN_COMMA = YES;
				CLANG_WARN_CONSTANT_CONVERSION = YES;
				CLANG_WARN_DEPRECATED_OBJC_IMPLEMENTATIONS = YES;
				CLANG_WARN_DIRECT_OBJC_ISA_USAGE = YES_ERROR;
				CLANG_WARN_DOCUMENTATION_COMMENTS = YES;
				CLANG_WARN_EMPTY_BODY = YES;
				CLANG_WARN_ENUM_CONVERSION = YES;
				CLANG_WARN_INFINITE_RECURSION = YES;
				CLANG_WARN_INT_CONVERSION = YES;
				CLANG_WARN_NON_LITERAL_NULL_CONVERSION = YES;
				CLANG_WARN_OBJC_IMPLICIT_RETAIN_SELF = YES;
				CLANG_WARN_OBJC_LITERAL_CONVERSION = YES;
				CLANG_WARN_OBJC_ROOT_CLASS = YES_ERROR;
				CLANG_WARN_QUOTED_INCLUDE_IN_FRAMEWORK_HEADER = YES;
				CLANG_WARN_RANGE_LOOP_ANALYSIS = YES;
				CLANG_WARN_STRICT_PROTOTYPES = YES;
				CLANG_WARN_SUSPICIOUS_MOVE = YES;
				CLANG_WARN_UNGUARDED_AVAILABILITY = YES_AGGRESSIVE;
				CLANG_WARN_UNREACHABLE_CODE = YES;
				CLANG_WARN__DUPLICATE_METHOD_MATCH = YES;
				COPY_PHASE_STRIP = NO;
				DEBUG_INFORMATION_FORMAT = dwarf;
				ENABLE_STRICT_OBJC_MSGSEND = YES;
				ENABLE_TESTABILITY = YES;
				GCC_C_LANGUAGE_STANDARD = gnu11;
				GCC_DYNAMIC_NO_PIC = NO;
				GCC_NO_COMMON_BLOCKS = YES;
				GCC_OPTIMIZATION_LEVEL = 0;
				GCC_PREPROCESSOR_DEFINITIONS = (
					"DEBUG=1",
					"$(inherited)",
				);
				GCC_WARN_64_TO_32_BIT_CONVERSION = YES;
				GCC_WARN_ABOUT_RETURN_TYPE = YES_ERROR;
				GCC_WARN_UNDECLARED_SELECTOR = YES;
				GCC_WARN_UNINITIALIZED_AUTOS = YES_AGGRESSIVE;
				GCC_WARN_UNUSED_FUNCTION = YES;
				GCC_WARN_UNUSED_VARIABLE = YES;
				IPHONEOS_DEPLOYMENT_TARGET = 14.0;
				MTL_ENABLE_DEBUG_INFO = INCLUDE_SOURCE;
				MTL_FAST_MATH = YES;
				ONLY_ACTIVE_ARCH = YES;
				SDKROOT = iphoneos;
				SWIFT_ACTIVE_COMPILATION_CONDITIONS = DEBUG;
				SWIFT_OPTIMIZATION_LEVEL = "-Onone";
			};
			name = Debug;
		};
		8009CBB12539942F0023EDD2 /* Release */ = {
			isa = XCBuildConfiguration;
			buildSettings = {
				ALWAYS_SEARCH_USER_PATHS = NO;
				CLANG_ANALYZER_NONNULL = YES;
				CLANG_ANALYZER_NUMBER_OBJECT_CONVERSION = YES_AGGRESSIVE;
				CLANG_CXX_LANGUAGE_STANDARD = "gnu++14";
				CLANG_CXX_LIBRARY = "libc++";
				CLANG_ENABLE_MODULES = YES;
				CLANG_ENABLE_OBJC_ARC = YES;
				CLANG_ENABLE_OBJC_WEAK = YES;
				CLANG_WARN_BLOCK_CAPTURE_AUTORELEASING = YES;
				CLANG_WARN_BOOL_CONVERSION = YES;
				CLANG_WARN_COMMA = YES;
				CLANG_WARN_CONSTANT_CONVERSION = YES;
				CLANG_WARN_DEPRECATED_OBJC_IMPLEMENTATIONS = YES;
				CLANG_WARN_DIRECT_OBJC_ISA_USAGE = YES_ERROR;
				CLANG_WARN_DOCUMENTATION_COMMENTS = YES;
				CLANG_WARN_EMPTY_BODY = YES;
				CLANG_WARN_ENUM_CONVERSION = YES;
				CLANG_WARN_INFINITE_RECURSION = YES;
				CLANG_WARN_INT_CONVERSION = YES;
				CLANG_WARN_NON_LITERAL_NULL_CONVERSION = YES;
				CLANG_WARN_OBJC_IMPLICIT_RETAIN_SELF = YES;
				CLANG_WARN_OBJC_LITERAL_CONVERSION = YES;
				CLANG_WARN_OBJC_ROOT_CLASS = YES_ERROR;
				CLANG_WARN_QUOTED_INCLUDE_IN_FRAMEWORK_HEADER = YES;
				CLANG_WARN_RANGE_LOOP_ANALYSIS = YES;
				CLANG_WARN_STRICT_PROTOTYPES = YES;
				CLANG_WARN_SUSPICIOUS_MOVE = YES;
				CLANG_WARN_UNGUARDED_AVAILABILITY = YES_AGGRESSIVE;
				CLANG_WARN_UNREACHABLE_CODE = YES;
				CLANG_WARN__DUPLICATE_METHOD_MATCH = YES;
				COPY_PHASE_STRIP = NO;
				DEBUG_INFORMATION_FORMAT = "dwarf-with-dsym";
				ENABLE_NS_ASSERTIONS = NO;
				ENABLE_STRICT_OBJC_MSGSEND = YES;
				GCC_C_LANGUAGE_STANDARD = gnu11;
				GCC_NO_COMMON_BLOCKS = YES;
				GCC_WARN_64_TO_32_BIT_CONVERSION = YES;
				GCC_WARN_ABOUT_RETURN_TYPE = YES_ERROR;
				GCC_WARN_UNDECLARED_SELECTOR = YES;
				GCC_WARN_UNINITIALIZED_AUTOS = YES_AGGRESSIVE;
				GCC_WARN_UNUSED_FUNCTION = YES;
				GCC_WARN_UNUSED_VARIABLE = YES;
				IPHONEOS_DEPLOYMENT_TARGET = 14.0;
				MTL_ENABLE_DEBUG_INFO = NO;
				MTL_FAST_MATH = YES;
				SDKROOT = iphoneos;
				SWIFT_COMPILATION_MODE = wholemodule;
				SWIFT_OPTIMIZATION_LEVEL = "-O";
				VALIDATE_PRODUCT = YES;
			};
			name = Release;
		};
		8009CBB32539942F0023EDD2 /* Debug */ = {
			isa = XCBuildConfiguration;
			baseConfigurationReference = 90C9CD37B640562B426456BD /* Pods-Api_Iris.debug.xcconfig */;
			buildSettings = {
				ASSETCATALOG_COMPILER_APPICON_NAME = AppIcon;
				ASSETCATALOG_COMPILER_GLOBAL_ACCENT_COLOR_NAME = AccentColor;
				CODE_SIGN_STYLE = Automatic;
				DEVELOPMENT_TEAM = QUU6F53Z5L;
				INFOPLIST_FILE = Api_Iris/Info.plist;
				LD_RUNPATH_SEARCH_PATHS = (
					"$(inherited)",
					"@executable_path/Frameworks",
				);
				PRODUCT_BUNDLE_IDENTIFIER = "ninenox.com.Api-Iris";
				PRODUCT_NAME = "$(TARGET_NAME)";
				SWIFT_VERSION = 5.0;
				TARGETED_DEVICE_FAMILY = "1,2";
			};
			name = Debug;
		};
		8009CBB42539942F0023EDD2 /* Release */ = {
			isa = XCBuildConfiguration;
			baseConfigurationReference = C1273FC35FB7A1727B12D438 /* Pods-Api_Iris.release.xcconfig */;
			buildSettings = {
				ASSETCATALOG_COMPILER_APPICON_NAME = AppIcon;
				ASSETCATALOG_COMPILER_GLOBAL_ACCENT_COLOR_NAME = AccentColor;
				CODE_SIGN_STYLE = Automatic;
				DEVELOPMENT_TEAM = QUU6F53Z5L;
				INFOPLIST_FILE = Api_Iris/Info.plist;
				LD_RUNPATH_SEARCH_PATHS = (
					"$(inherited)",
					"@executable_path/Frameworks",
				);
				PRODUCT_BUNDLE_IDENTIFIER = "ninenox.com.Api-Iris";
				PRODUCT_NAME = "$(TARGET_NAME)";
				SWIFT_VERSION = 5.0;
				TARGETED_DEVICE_FAMILY = "1,2";
			};
			name = Release;
		};
		8009CBB62539942F0023EDD2 /* Debug */ = {
			isa = XCBuildConfiguration;
			baseConfigurationReference = 58F1B90E148912D681C9B4E3 /* Pods-Api_IrisTests.debug.xcconfig */;
			buildSettings = {
				ALWAYS_EMBED_SWIFT_STANDARD_LIBRARIES = YES;
				BUNDLE_LOADER = "$(TEST_HOST)";
				CODE_SIGN_STYLE = Automatic;
				DEVELOPMENT_TEAM = QUU6F53Z5L;
				INFOPLIST_FILE = Api_IrisTests/Info.plist;
				IPHONEOS_DEPLOYMENT_TARGET = 14.0;
				LD_RUNPATH_SEARCH_PATHS = (
					"$(inherited)",
					"@executable_path/Frameworks",
					"@loader_path/Frameworks",
				);
				PRODUCT_BUNDLE_IDENTIFIER = "ninenox.com.Api-IrisTests";
				PRODUCT_NAME = "$(TARGET_NAME)";
				SWIFT_VERSION = 5.0;
				TARGETED_DEVICE_FAMILY = "1,2";
				TEST_HOST = "$(BUILT_PRODUCTS_DIR)/Api_Iris.app/Api_Iris";
			};
			name = Debug;
		};
		8009CBB72539942F0023EDD2 /* Release */ = {
			isa = XCBuildConfiguration;
			baseConfigurationReference = 9E7ABFCB90B6E550C3B573B4 /* Pods-Api_IrisTests.release.xcconfig */;
			buildSettings = {
				ALWAYS_EMBED_SWIFT_STANDARD_LIBRARIES = YES;
				BUNDLE_LOADER = "$(TEST_HOST)";
				CODE_SIGN_STYLE = Automatic;
				DEVELOPMENT_TEAM = QUU6F53Z5L;
				INFOPLIST_FILE = Api_IrisTests/Info.plist;
				IPHONEOS_DEPLOYMENT_TARGET = 14.0;
				LD_RUNPATH_SEARCH_PATHS = (
					"$(inherited)",
					"@executable_path/Frameworks",
					"@loader_path/Frameworks",
				);
				PRODUCT_BUNDLE_IDENTIFIER = "ninenox.com.Api-IrisTests";
				PRODUCT_NAME = "$(TARGET_NAME)";
				SWIFT_VERSION = 5.0;
				TARGETED_DEVICE_FAMILY = "1,2";
				TEST_HOST = "$(BUILT_PRODUCTS_DIR)/Api_Iris.app/Api_Iris";
			};
			name = Release;
		};
		8009CBB92539942F0023EDD2 /* Debug */ = {
			isa = XCBuildConfiguration;
			baseConfigurationReference = A3AFFA9135B218D6A37126FF /* Pods-Api_Iris-Api_IrisUITests.debug.xcconfig */;
			buildSettings = {
				ALWAYS_EMBED_SWIFT_STANDARD_LIBRARIES = YES;
				CODE_SIGN_STYLE = Automatic;
				DEVELOPMENT_TEAM = QUU6F53Z5L;
				INFOPLIST_FILE = Api_IrisUITests/Info.plist;
				LD_RUNPATH_SEARCH_PATHS = (
					"$(inherited)",
					"@executable_path/Frameworks",
					"@loader_path/Frameworks",
				);
				PRODUCT_BUNDLE_IDENTIFIER = "ninenox.com.Api-IrisUITests";
				PRODUCT_NAME = "$(TARGET_NAME)";
				SWIFT_VERSION = 5.0;
				TARGETED_DEVICE_FAMILY = "1,2";
				TEST_TARGET_NAME = Api_Iris;
			};
			name = Debug;
		};
		8009CBBA2539942F0023EDD2 /* Release */ = {
			isa = XCBuildConfiguration;
			baseConfigurationReference = EFE3A37174D7FD01FC7D804B /* Pods-Api_Iris-Api_IrisUITests.release.xcconfig */;
			buildSettings = {
				ALWAYS_EMBED_SWIFT_STANDARD_LIBRARIES = YES;
				CODE_SIGN_STYLE = Automatic;
				DEVELOPMENT_TEAM = QUU6F53Z5L;
				INFOPLIST_FILE = Api_IrisUITests/Info.plist;
				LD_RUNPATH_SEARCH_PATHS = (
					"$(inherited)",
					"@executable_path/Frameworks",
					"@loader_path/Frameworks",
				);
				PRODUCT_BUNDLE_IDENTIFIER = "ninenox.com.Api-IrisUITests";
				PRODUCT_NAME = "$(TARGET_NAME)";
				SWIFT_VERSION = 5.0;
				TARGETED_DEVICE_FAMILY = "1,2";
				TEST_TARGET_NAME = Api_Iris;
			};
			name = Release;
		};
/* End XCBuildConfiguration section */

/* Begin XCConfigurationList section */
		8009CB832539942D0023EDD2 /* Build configuration list for PBXProject "Api_Iris" */ = {
			isa = XCConfigurationList;
			buildConfigurations = (
				8009CBB02539942F0023EDD2 /* Debug */,
				8009CBB12539942F0023EDD2 /* Release */,
			);
			defaultConfigurationIsVisible = 0;
			defaultConfigurationName = Release;
		};
		8009CBB22539942F0023EDD2 /* Build configuration list for PBXNativeTarget "Api_Iris" */ = {
			isa = XCConfigurationList;
			buildConfigurations = (
				8009CBB32539942F0023EDD2 /* Debug */,
				8009CBB42539942F0023EDD2 /* Release */,
			);
			defaultConfigurationIsVisible = 0;
			defaultConfigurationName = Release;
		};
		8009CBB52539942F0023EDD2 /* Build configuration list for PBXNativeTarget "Api_IrisTests" */ = {
			isa = XCConfigurationList;
			buildConfigurations = (
				8009CBB62539942F0023EDD2 /* Debug */,
				8009CBB72539942F0023EDD2 /* Release */,
			);
			defaultConfigurationIsVisible = 0;
			defaultConfigurationName = Release;
		};
		8009CBB82539942F0023EDD2 /* Build configuration list for PBXNativeTarget "Api_IrisUITests" */ = {
			isa = XCConfigurationList;
			buildConfigurations = (
				8009CBB92539942F0023EDD2 /* Debug */,
				8009CBBA2539942F0023EDD2 /* Release */,
			);
			defaultConfigurationIsVisible = 0;
			defaultConfigurationName = Release;
		};
/* End XCConfigurationList section */
	};
	rootObject = 8009CB802539942D0023EDD2 /* Project object */;
}
